
Microsoft Visual Studio Solution File, Format Version 12.00
# Visual Studio Version 17
VisualStudioVersion = 17.11.35219.272
MinimumVisualStudioVersion = 10.0.40219.1
Project("{FAE04EC0-301F-11D3-BF4B-00C04F79EFBC}") = "CRUDNet7MVC", "CRUDNet7MVC\CRUDNet7MVC.csproj", "{EC3C8D0E-65CD-4EFB-8920-E95390C92DD4}"
EndProject
Global
	GlobalSection(SolutionConfigurationPlatforms) = preSolution
		Debug|Any CPU = Debug|Any CPU
		Release|Any CPU = Release|Any CPU
	EndGlobalSection
	GlobalSection(ProjectConfigurationPlatforms) = postSolution
		{EC3C8D0E-65CD-4EFB-8920-E95390C92DD4}.Debug|Any CPU.ActiveCfg = Debug|Any CPU
		{EC3C8D0E-65CD-4EFB-8920-E95390C92DD4}.Debug|Any CPU.Build.0 = Debug|Any CPU
		{EC3C8D0E-65CD-4EFB-8920-E95390C92DD4}.Release|Any CPU.ActiveCfg = Release|Any CPU
		{EC3C8D0E-65CD-4EFB-8920-E95390C92DD4}.Release|Any CPU.Build.0 = Release|Any CPU
	EndGlobalSection
	GlobalSection(SolutionProperties) = preSolution
		HideSolutionNode = FALSE
	EndGlobalSection
	GlobalSection(ExtensibilityGlobals) = postSolution
		SolutionGuid = {36AC71F2-396B-4D96-B3A6-0E5A78F7E459}
	EndGlobalSection
EndGlobal
